
Microsoft Visual Studio Solution File, Format Version 12.00
# Visual Studio Version 16
VisualStudioVersion = 16.0.32510.428
MinimumVisualStudioVersion = 10.0.40219.1
Project("{FAE04EC0-301F-11D3-BF4B-00C04F79EFBC}") = "Generatorlink@memozg", "Generatorlink@memozg\Generatorlink@memozg.csproj", "{52E1D430-D672-4AC5-8E63-232EE370AE66}"
EndProject
Global
	GlobalSection(SolutionConfigurationPlatforms) = preSolution
		Debug|Any CPU = Debug|Any CPU
		Release|Any CPU = Release|Any CPU
	EndGlobalSection
	GlobalSection(ProjectConfigurationPlatforms) = postSolution
		{52E1D430-D672-4AC5-8E63-232EE370AE66}.Debug|Any CPU.ActiveCfg = Debug|Any CPU
		{52E1D430-D672-4AC5-8E63-232EE370AE66}.Debug|Any CPU.Build.0 = Debug|Any CPU
		{52E1D430-D672-4AC5-8E63-232EE370AE66}.Release|Any CPU.ActiveCfg = Release|Any CPU
		{52E1D430-D672-4AC5-8E63-232EE370AE66}.Release|Any CPU.Build.0 = Release|Any CPU
	EndGlobalSection
	GlobalSection(SolutionProperties) = preSolution
		HideSolutionNode = FALSE
	EndGlobalSection
	GlobalSection(ExtensibilityGlobals) = postSolution
		SolutionGuid = {8F467007-7874-4EF0-AD53-02E412A593B1}
	EndGlobalSection
EndGlobal
